
Microsoft Visual Studio Solution File, Format Version 12.00
# Visual Studio Version 17
VisualStudioVersion = 17.4.33205.214
MinimumVisualStudioVersion = 10.0.40219.1
Project("{FAE04EC0-301F-11D3-BF4B-00C04F79EFBC}") = "GB_HW_CS7", "GB_HW_CS7.csproj", "{55A2770A-2A49-480F-8B7D-DEEDFEA70F53}"
EndProject
Global
	GlobalSection(SolutionConfigurationPlatforms) = preSolution
		Debug|Any CPU = Debug|Any CPU
		Release|Any CPU = Release|Any CPU
	EndGlobalSection
	GlobalSection(ProjectConfigurationPlatforms) = postSolution
		{55A2770A-2A49-480F-8B7D-DEEDFEA70F53}.Debug|Any CPU.ActiveCfg = Debug|Any CPU
		{55A2770A-2A49-480F-8B7D-DEEDFEA70F53}.Debug|Any CPU.Build.0 = Debug|Any CPU
		{55A2770A-2A49-480F-8B7D-DEEDFEA70F53}.Release|Any CPU.ActiveCfg = Release|Any CPU
		{55A2770A-2A49-480F-8B7D-DEEDFEA70F53}.Release|Any CPU.Build.0 = Release|Any CPU
	EndGlobalSection
	GlobalSection(SolutionProperties) = preSolution
		HideSolutionNode = FALSE
	EndGlobalSection
	GlobalSection(ExtensibilityGlobals) = postSolution
		SolutionGuid = {8BA66973-CBD2-4CC9-A44C-1BA0DE7F5C71}
	EndGlobalSection
EndGlobal
