
Microsoft Visual Studio Solution File, Format Version 12.00
# Visual Studio Version 17
VisualStudioVersion = 17.4.33205.214
MinimumVisualStudioVersion = 10.0.40219.1
Project("{FAE04EC0-301F-11D3-BF4B-00C04F79EFBC}") = "GB_Lessons5CS", "GB_Lessons5CS.csproj", "{9FAE3578-0243-4DD7-A496-02F46EE3F07C}"
EndProject
Global
	GlobalSection(SolutionConfigurationPlatforms) = preSolution
		Debug|Any CPU = Debug|Any CPU
		Release|Any CPU = Release|Any CPU
	EndGlobalSection
	GlobalSection(ProjectConfigurationPlatforms) = postSolution
		{9FAE3578-0243-4DD7-A496-02F46EE3F07C}.Debug|Any CPU.ActiveCfg = Debug|Any CPU
		{9FAE3578-0243-4DD7-A496-02F46EE3F07C}.Debug|Any CPU.Build.0 = Debug|Any CPU
		{9FAE3578-0243-4DD7-A496-02F46EE3F07C}.Release|Any CPU.ActiveCfg = Release|Any CPU
		{9FAE3578-0243-4DD7-A496-02F46EE3F07C}.Release|Any CPU.Build.0 = Release|Any CPU
	EndGlobalSection
	GlobalSection(SolutionProperties) = preSolution
		HideSolutionNode = FALSE
	EndGlobalSection
	GlobalSection(ExtensibilityGlobals) = postSolution
		SolutionGuid = {C2B01FD5-3701-4E15-92C1-0C63B886E351}
	EndGlobalSection
EndGlobal
