
Microsoft Visual Studio Solution File, Format Version 12.00
# Visual Studio Version 17
VisualStudioVersion = 17.2.32616.157
MinimumVisualStudioVersion = 10.0.40219.1
Project("{FAE04EC0-301F-11D3-BF4B-00C04F79EFBC}") = "Конт работа, массив из строк не более 3 элем", "Конт работа, массив из строк не более 3 элем\Конт работа, массив из строк не более 3 элем.csproj", "{4C7A0CD5-16F2-41AD-A81B-396A006A5BFD}"
EndProject
Global
	GlobalSection(SolutionConfigurationPlatforms) = preSolution
		Debug|Any CPU = Debug|Any CPU
		Release|Any CPU = Release|Any CPU
	EndGlobalSection
	GlobalSection(ProjectConfigurationPlatforms) = postSolution
		{4C7A0CD5-16F2-41AD-A81B-396A006A5BFD}.Debug|Any CPU.ActiveCfg = Debug|Any CPU
		{4C7A0CD5-16F2-41AD-A81B-396A006A5BFD}.Debug|Any CPU.Build.0 = Debug|Any CPU
		{4C7A0CD5-16F2-41AD-A81B-396A006A5BFD}.Release|Any CPU.ActiveCfg = Release|Any CPU
		{4C7A0CD5-16F2-41AD-A81B-396A006A5BFD}.Release|Any CPU.Build.0 = Release|Any CPU
	EndGlobalSection
	GlobalSection(SolutionProperties) = preSolution
		HideSolutionNode = FALSE
	EndGlobalSection
	GlobalSection(ExtensibilityGlobals) = postSolution
		SolutionGuid = {7CD9E7A2-E497-4404-87CD-B5F54531618F}
	EndGlobalSection
EndGlobal
