
Microsoft Visual Studio Solution File, Format Version 12.00
# Visual Studio Version 17
VisualStudioVersion = 17.4.33205.214
MinimumVisualStudioVersion = 10.0.40219.1
Project("{9A19103F-16F7-4668-BE54-9A1E7A4F7556}") = "GB_HW_CS6", "GB_HW_CS6.csproj", "{C4EED345-74B5-4215-93FC-42546E97025A}"
EndProject
Global
	GlobalSection(SolutionConfigurationPlatforms) = preSolution
		Debug|Any CPU = Debug|Any CPU
		Release|Any CPU = Release|Any CPU
	EndGlobalSection
	GlobalSection(ProjectConfigurationPlatforms) = postSolution
		{C4EED345-74B5-4215-93FC-42546E97025A}.Debug|Any CPU.ActiveCfg = Debug|Any CPU
		{C4EED345-74B5-4215-93FC-42546E97025A}.Debug|Any CPU.Build.0 = Debug|Any CPU
		{C4EED345-74B5-4215-93FC-42546E97025A}.Release|Any CPU.ActiveCfg = Release|Any CPU
		{C4EED345-74B5-4215-93FC-42546E97025A}.Release|Any CPU.Build.0 = Release|Any CPU
	EndGlobalSection
	GlobalSection(SolutionProperties) = preSolution
		HideSolutionNode = FALSE
	EndGlobalSection
	GlobalSection(ExtensibilityGlobals) = postSolution
		SolutionGuid = {AC715F15-EF0B-4468-9DED-A6F1639C572F}
	EndGlobalSection
EndGlobal
