
Microsoft Visual Studio Solution File, Format Version 12.00
# Visual Studio Version 17
VisualStudioVersion = 17.0.32112.339
MinimumVisualStudioVersion = 10.0.40219.1
Project("{FAE04EC0-301F-11D3-BF4B-00C04F79EFBC}") = "Урок 13 IF ELSE", "Урок 13 IF ELSE\Урок 13 IF ELSE.csproj", "{7F4E0644-94A7-4378-A810-75ADDB0E2472}"
EndProject
Global
	GlobalSection(SolutionConfigurationPlatforms) = preSolution
		Debug|Any CPU = Debug|Any CPU
		Release|Any CPU = Release|Any CPU
	EndGlobalSection
	GlobalSection(ProjectConfigurationPlatforms) = postSolution
		{7F4E0644-94A7-4378-A810-75ADDB0E2472}.Debug|Any CPU.ActiveCfg = Debug|Any CPU
		{7F4E0644-94A7-4378-A810-75ADDB0E2472}.Debug|Any CPU.Build.0 = Debug|Any CPU
		{7F4E0644-94A7-4378-A810-75ADDB0E2472}.Release|Any CPU.ActiveCfg = Release|Any CPU
		{7F4E0644-94A7-4378-A810-75ADDB0E2472}.Release|Any CPU.Build.0 = Release|Any CPU
	EndGlobalSection
	GlobalSection(SolutionProperties) = preSolution
		HideSolutionNode = FALSE
	EndGlobalSection
	GlobalSection(ExtensibilityGlobals) = postSolution
		SolutionGuid = {9636EB8D-74A2-4B61-990F-FD7ACEDD6D78}
	EndGlobalSection
EndGlobal
