
Microsoft Visual Studio Solution File, Format Version 12.00
# Visual Studio Version 17
VisualStudioVersion = 17.4.33205.214
MinimumVisualStudioVersion = 10.0.40219.1
Project("{FAE04EC0-301F-11D3-BF4B-00C04F79EFBC}") = "SelfWorkCSharp1", "SelfWorkCSharp1\SelfWorkCSharp1.csproj", "{76400384-0C16-4231-8FDD-DF54E6665108}"
EndProject
Project("{FAE04EC0-301F-11D3-BF4B-00C04F79EFBC}") = "SelfWorkCSh1.1", "SelfWorkCSh1.1\SelfWorkCSh1.1.csproj", "{35A91926-A6EE-4927-9F59-F52F3C4D2258}"
EndProject
Global
	GlobalSection(SolutionConfigurationPlatforms) = preSolution
		Debug|Any CPU = Debug|Any CPU
		Release|Any CPU = Release|Any CPU
	EndGlobalSection
	GlobalSection(ProjectConfigurationPlatforms) = postSolution
		{76400384-0C16-4231-8FDD-DF54E6665108}.Debug|Any CPU.ActiveCfg = Debug|Any CPU
		{76400384-0C16-4231-8FDD-DF54E6665108}.Debug|Any CPU.Build.0 = Debug|Any CPU
		{76400384-0C16-4231-8FDD-DF54E6665108}.Release|Any CPU.ActiveCfg = Release|Any CPU
		{76400384-0C16-4231-8FDD-DF54E6665108}.Release|Any CPU.Build.0 = Release|Any CPU
		{35A91926-A6EE-4927-9F59-F52F3C4D2258}.Debug|Any CPU.ActiveCfg = Debug|Any CPU
		{35A91926-A6EE-4927-9F59-F52F3C4D2258}.Debug|Any CPU.Build.0 = Debug|Any CPU
		{35A91926-A6EE-4927-9F59-F52F3C4D2258}.Release|Any CPU.ActiveCfg = Release|Any CPU
		{35A91926-A6EE-4927-9F59-F52F3C4D2258}.Release|Any CPU.Build.0 = Release|Any CPU
	EndGlobalSection
	GlobalSection(SolutionProperties) = preSolution
		HideSolutionNode = FALSE
	EndGlobalSection
	GlobalSection(ExtensibilityGlobals) = postSolution
		SolutionGuid = {01F4A56B-546B-453D-9765-C8C6C007EF03}
	EndGlobalSection
EndGlobal
