
Microsoft Visual Studio Solution File, Format Version 12.00
# Visual Studio Version 17
VisualStudioVersion = 17.4.33205.214
MinimumVisualStudioVersion = 10.0.40219.1
Project("{FAE04EC0-301F-11D3-BF4B-00C04F79EFBC}") = "GB_HW_CS9", "GB_HW_CS9.csproj", "{1F062B0A-F162-49EC-865E-B4077B3C673E}"
EndProject
Global
	GlobalSection(SolutionConfigurationPlatforms) = preSolution
		Debug|Any CPU = Debug|Any CPU
		Release|Any CPU = Release|Any CPU
	EndGlobalSection
	GlobalSection(ProjectConfigurationPlatforms) = postSolution
		{1F062B0A-F162-49EC-865E-B4077B3C673E}.Debug|Any CPU.ActiveCfg = Debug|Any CPU
		{1F062B0A-F162-49EC-865E-B4077B3C673E}.Debug|Any CPU.Build.0 = Debug|Any CPU
		{1F062B0A-F162-49EC-865E-B4077B3C673E}.Release|Any CPU.ActiveCfg = Release|Any CPU
		{1F062B0A-F162-49EC-865E-B4077B3C673E}.Release|Any CPU.Build.0 = Release|Any CPU
	EndGlobalSection
	GlobalSection(SolutionProperties) = preSolution
		HideSolutionNode = FALSE
	EndGlobalSection
	GlobalSection(ExtensibilityGlobals) = postSolution
		SolutionGuid = {7B54F7BB-E41E-4C22-95DE-D0F5BC63E5CD}
	EndGlobalSection
EndGlobal
