
Microsoft Visual Studio Solution File, Format Version 12.00
# Visual Studio Version 17
VisualStudioVersion = 17.4.33205.214
MinimumVisualStudioVersion = 10.0.40219.1
Project("{FAE04EC0-301F-11D3-BF4B-00C04F79EFBC}") = "GB_HW_CS3", "GB_HW_CS3.csproj", "{DB37DAB5-0FB6-47B9-B437-FEBA978DFF52}"
EndProject
Global
	GlobalSection(SolutionConfigurationPlatforms) = preSolution
		Debug|Any CPU = Debug|Any CPU
		Release|Any CPU = Release|Any CPU
	EndGlobalSection
	GlobalSection(ProjectConfigurationPlatforms) = postSolution
		{DB37DAB5-0FB6-47B9-B437-FEBA978DFF52}.Debug|Any CPU.ActiveCfg = Debug|Any CPU
		{DB37DAB5-0FB6-47B9-B437-FEBA978DFF52}.Debug|Any CPU.Build.0 = Debug|Any CPU
		{DB37DAB5-0FB6-47B9-B437-FEBA978DFF52}.Release|Any CPU.ActiveCfg = Release|Any CPU
		{DB37DAB5-0FB6-47B9-B437-FEBA978DFF52}.Release|Any CPU.Build.0 = Release|Any CPU
	EndGlobalSection
	GlobalSection(SolutionProperties) = preSolution
		HideSolutionNode = FALSE
	EndGlobalSection
	GlobalSection(ExtensibilityGlobals) = postSolution
		SolutionGuid = {628D4320-07F9-4D5A-A8DE-DF792D041029}
	EndGlobalSection
EndGlobal
