
Microsoft Visual Studio Solution File, Format Version 12.00
# Visual Studio Version 17
VisualStudioVersion = 17.4.33205.214
MinimumVisualStudioVersion = 10.0.40219.1
Project("{9A19103F-16F7-4668-BE54-9A1E7A4F7556}") = "GB_HW_CS8", "GB_HW_CS8.csproj", "{892607FC-DB12-449C-A66E-14F2888F9648}"
EndProject
Global
	GlobalSection(SolutionConfigurationPlatforms) = preSolution
		Debug|Any CPU = Debug|Any CPU
		Release|Any CPU = Release|Any CPU
	EndGlobalSection
	GlobalSection(ProjectConfigurationPlatforms) = postSolution
		{892607FC-DB12-449C-A66E-14F2888F9648}.Debug|Any CPU.ActiveCfg = Debug|Any CPU
		{892607FC-DB12-449C-A66E-14F2888F9648}.Debug|Any CPU.Build.0 = Debug|Any CPU
		{892607FC-DB12-449C-A66E-14F2888F9648}.Release|Any CPU.ActiveCfg = Release|Any CPU
		{892607FC-DB12-449C-A66E-14F2888F9648}.Release|Any CPU.Build.0 = Release|Any CPU
	EndGlobalSection
	GlobalSection(SolutionProperties) = preSolution
		HideSolutionNode = FALSE
	EndGlobalSection
	GlobalSection(ExtensibilityGlobals) = postSolution
		SolutionGuid = {9A24F509-649B-48C7-BB74-21F1F9D4278B}
	EndGlobalSection
EndGlobal
