
Microsoft Visual Studio Solution File, Format Version 12.00
# Visual Studio Version 17
VisualStudioVersion = 17.4.33205.214
MinimumVisualStudioVersion = 10.0.40219.1
Project("{FAE04EC0-301F-11D3-BF4B-00C04F79EFBC}") = "Less17-18XristMassiv", "Less17-18XristMassiv\Less17-18XristMassiv.csproj", "{7476E9AF-0F72-47BA-9C3A-F2115C35D2FE}"
EndProject
Global
	GlobalSection(SolutionConfigurationPlatforms) = preSolution
		Debug|Any CPU = Debug|Any CPU
		Release|Any CPU = Release|Any CPU
	EndGlobalSection
	GlobalSection(ProjectConfigurationPlatforms) = postSolution
		{7476E9AF-0F72-47BA-9C3A-F2115C35D2FE}.Debug|Any CPU.ActiveCfg = Debug|Any CPU
		{7476E9AF-0F72-47BA-9C3A-F2115C35D2FE}.Debug|Any CPU.Build.0 = Debug|Any CPU
		{7476E9AF-0F72-47BA-9C3A-F2115C35D2FE}.Release|Any CPU.ActiveCfg = Release|Any CPU
		{7476E9AF-0F72-47BA-9C3A-F2115C35D2FE}.Release|Any CPU.Build.0 = Release|Any CPU
	EndGlobalSection
	GlobalSection(SolutionProperties) = preSolution
		HideSolutionNode = FALSE
	EndGlobalSection
	GlobalSection(ExtensibilityGlobals) = postSolution
		SolutionGuid = {45B67DA7-BD40-4553-B8C1-677C1948A3EB}
	EndGlobalSection
EndGlobal
