
Microsoft Visual Studio Solution File, Format Version 12.00
# Visual Studio Version 17
VisualStudioVersion = 17.4.33205.214
MinimumVisualStudioVersion = 10.0.40219.1
Project("{FAE04EC0-301F-11D3-BF4B-00C04F79EFBC}") = "asysnc_await", "asysnc_await\asysnc_await.csproj", "{9523137F-011E-4169-85C1-67C710B3CF4A}"
EndProject
Global
	GlobalSection(SolutionConfigurationPlatforms) = preSolution
		Debug|Any CPU = Debug|Any CPU
		Release|Any CPU = Release|Any CPU
	EndGlobalSection
	GlobalSection(ProjectConfigurationPlatforms) = postSolution
		{9523137F-011E-4169-85C1-67C710B3CF4A}.Debug|Any CPU.ActiveCfg = Debug|Any CPU
		{9523137F-011E-4169-85C1-67C710B3CF4A}.Debug|Any CPU.Build.0 = Debug|Any CPU
		{9523137F-011E-4169-85C1-67C710B3CF4A}.Release|Any CPU.ActiveCfg = Release|Any CPU
		{9523137F-011E-4169-85C1-67C710B3CF4A}.Release|Any CPU.Build.0 = Release|Any CPU
	EndGlobalSection
	GlobalSection(SolutionProperties) = preSolution
		HideSolutionNode = FALSE
	EndGlobalSection
	GlobalSection(ExtensibilityGlobals) = postSolution
		SolutionGuid = {CB7A9B5A-2A61-4CD0-B40A-D7E0A8B8D4E2}
	EndGlobalSection
EndGlobal
