
Microsoft Visual Studio Solution File, Format Version 12.00
# Visual Studio Version 17
VisualStudioVersion = 17.4.33205.214
MinimumVisualStudioVersion = 10.0.40219.1
Project("{FAE04EC0-301F-11D3-BF4B-00C04F79EFBC}") = "GB_HW_CS1", "GB_HW_CS1.csproj", "{7C24F435-13C3-474B-8A12-960B365B51F4}"
EndProject
Global
	GlobalSection(SolutionConfigurationPlatforms) = preSolution
		Debug|Any CPU = Debug|Any CPU
		Release|Any CPU = Release|Any CPU
	EndGlobalSection
	GlobalSection(ProjectConfigurationPlatforms) = postSolution
		{7C24F435-13C3-474B-8A12-960B365B51F4}.Debug|Any CPU.ActiveCfg = Debug|Any CPU
		{7C24F435-13C3-474B-8A12-960B365B51F4}.Debug|Any CPU.Build.0 = Debug|Any CPU
		{7C24F435-13C3-474B-8A12-960B365B51F4}.Release|Any CPU.ActiveCfg = Release|Any CPU
		{7C24F435-13C3-474B-8A12-960B365B51F4}.Release|Any CPU.Build.0 = Release|Any CPU
	EndGlobalSection
	GlobalSection(SolutionProperties) = preSolution
		HideSolutionNode = FALSE
	EndGlobalSection
	GlobalSection(ExtensibilityGlobals) = postSolution
		SolutionGuid = {AE64B5EB-0F66-446B-A78E-942183C952A5}
	EndGlobalSection
EndGlobal
