
Microsoft Visual Studio Solution File, Format Version 12.00
# Visual Studio Version 17
VisualStudioVersion = 17.4.33205.214
MinimumVisualStudioVersion = 10.0.40219.1
Project("{FAE04EC0-301F-11D3-BF4B-00C04F79EFBC}") = "GBLessons2CS", "GBLessons2CS\GBLessons2CS.csproj", "{1593A612-77E4-498D-8CCB-91E47BAD4A3D}"
EndProject
Global
	GlobalSection(SolutionConfigurationPlatforms) = preSolution
		Debug|Any CPU = Debug|Any CPU
		Release|Any CPU = Release|Any CPU
	EndGlobalSection
	GlobalSection(ProjectConfigurationPlatforms) = postSolution
		{1593A612-77E4-498D-8CCB-91E47BAD4A3D}.Debug|Any CPU.ActiveCfg = Debug|Any CPU
		{1593A612-77E4-498D-8CCB-91E47BAD4A3D}.Debug|Any CPU.Build.0 = Debug|Any CPU
		{1593A612-77E4-498D-8CCB-91E47BAD4A3D}.Release|Any CPU.ActiveCfg = Release|Any CPU
		{1593A612-77E4-498D-8CCB-91E47BAD4A3D}.Release|Any CPU.Build.0 = Release|Any CPU
	EndGlobalSection
	GlobalSection(SolutionProperties) = preSolution
		HideSolutionNode = FALSE
	EndGlobalSection
	GlobalSection(ExtensibilityGlobals) = postSolution
		SolutionGuid = {57545CD3-BCFF-4AFE-85B1-7DD250EA6CBB}
	EndGlobalSection
EndGlobal
